
Microsoft Visual Studio Solution File, Format Version 12.00
# Visual Studio Version 17
VisualStudioVersion = 17.1.32421.90
MinimumVisualStudioVersion = 10.0.40219.1
Project("{9A19103F-16F7-4668-BE54-9A1E7A4F7556}") = "Lawnscapers.Api", "LawnscapersWebApi\Lawnscapers.Api.csproj", "{94D2D8BF-4AF1-438C-B473-C5B6C5BA55DA}"
EndProject
Project("{9A19103F-16F7-4668-BE54-9A1E7A4F7556}") = "Lawnscapers.GameLogic", "Lawnscapers.GameLogic\Lawnscapers.GameLogic.csproj", "{A8DF421E-C150-436D-A043-E83FD91B586C}"
EndProject
Project("{9A19103F-16F7-4668-BE54-9A1E7A4F7556}") = "Lawnscapers.Models", "Lawnscapers.Models\Lawnscapers.Models.csproj", "{A6C652D3-3C49-47AE-82D1-9302ADA0A794}"
EndProject
Global
	GlobalSection(SolutionConfigurationPlatforms) = preSolution
		Debug|Any CPU = Debug|Any CPU
		Release|Any CPU = Release|Any CPU
	EndGlobalSection
	GlobalSection(ProjectConfigurationPlatforms) = postSolution
		{94D2D8BF-4AF1-438C-B473-C5B6C5BA55DA}.Debug|Any CPU.ActiveCfg = Debug|Any CPU
		{94D2D8BF-4AF1-438C-B473-C5B6C5BA55DA}.Debug|Any CPU.Build.0 = Debug|Any CPU
		{94D2D8BF-4AF1-438C-B473-C5B6C5BA55DA}.Release|Any CPU.ActiveCfg = Release|Any CPU
		{94D2D8BF-4AF1-438C-B473-C5B6C5BA55DA}.Release|Any CPU.Build.0 = Release|Any CPU
		{A8DF421E-C150-436D-A043-E83FD91B586C}.Debug|Any CPU.ActiveCfg = Debug|Any CPU
		{A8DF421E-C150-436D-A043-E83FD91B586C}.Debug|Any CPU.Build.0 = Debug|Any CPU
		{A8DF421E-C150-436D-A043-E83FD91B586C}.Release|Any CPU.ActiveCfg = Release|Any CPU
		{A8DF421E-C150-436D-A043-E83FD91B586C}.Release|Any CPU.Build.0 = Release|Any CPU
		{A6C652D3-3C49-47AE-82D1-9302ADA0A794}.Debug|Any CPU.ActiveCfg = Debug|Any CPU
		{A6C652D3-3C49-47AE-82D1-9302ADA0A794}.Debug|Any CPU.Build.0 = Debug|Any CPU
		{A6C652D3-3C49-47AE-82D1-9302ADA0A794}.Release|Any CPU.ActiveCfg = Release|Any CPU
		{A6C652D3-3C49-47AE-82D1-9302ADA0A794}.Release|Any CPU.Build.0 = Release|Any CPU
	EndGlobalSection
	GlobalSection(SolutionProperties) = preSolution
		HideSolutionNode = FALSE
	EndGlobalSection
	GlobalSection(ExtensibilityGlobals) = postSolution
		SolutionGuid = {1721CF80-0650-45F5-A689-0B7DFCDCBA84}
	EndGlobalSection
EndGlobal
